
Microsoft Visual Studio Solution File, Format Version 12.00
# Visual Studio 15
VisualStudioVersion = 15.0.28010.2041
MinimumVisualStudioVersion = 10.0.40219.1
Project("{FAE04EC0-301F-11D3-BF4B-00C04F79EFBC}") = "ExerciseEntityFramework", "ExerciseEntityFramework\ExerciseEntityFramework.csproj", "{D6B33B0B-3E60-4FA5-AF4A-FAE75817E92E}"
EndProject
Project("{FAE04EC0-301F-11D3-BF4B-00C04F79EFBC}") = "ExerciseEntityFrameworkTests", "ExerciseEntityFrameworkTests\ExerciseEntityFrameworkTests.csproj", "{A9B9549E-F46B-4E07-B400-72984FDF1922}"
EndProject
Global
	GlobalSection(SolutionConfigurationPlatforms) = preSolution
		Debug|Any CPU = Debug|Any CPU
		Release|Any CPU = Release|Any CPU
	EndGlobalSection
	GlobalSection(ProjectConfigurationPlatforms) = postSolution
		{D6B33B0B-3E60-4FA5-AF4A-FAE75817E92E}.Debug|Any CPU.ActiveCfg = Debug|Any CPU
		{D6B33B0B-3E60-4FA5-AF4A-FAE75817E92E}.Debug|Any CPU.Build.0 = Debug|Any CPU
		{D6B33B0B-3E60-4FA5-AF4A-FAE75817E92E}.Release|Any CPU.ActiveCfg = Release|Any CPU
		{D6B33B0B-3E60-4FA5-AF4A-FAE75817E92E}.Release|Any CPU.Build.0 = Release|Any CPU
		{A9B9549E-F46B-4E07-B400-72984FDF1922}.Debug|Any CPU.ActiveCfg = Debug|Any CPU
		{A9B9549E-F46B-4E07-B400-72984FDF1922}.Debug|Any CPU.Build.0 = Debug|Any CPU
		{A9B9549E-F46B-4E07-B400-72984FDF1922}.Release|Any CPU.ActiveCfg = Release|Any CPU
		{A9B9549E-F46B-4E07-B400-72984FDF1922}.Release|Any CPU.Build.0 = Release|Any CPU
	EndGlobalSection
	GlobalSection(SolutionProperties) = preSolution
		HideSolutionNode = FALSE
	EndGlobalSection
	GlobalSection(ExtensibilityGlobals) = postSolution
		SolutionGuid = {E0978033-8817-40D7-97C8-D8744308A9AA}
	EndGlobalSection
EndGlobal
